
Microsoft Visual Studio Solution File, Format Version 12.00
# Visual Studio Version 16
VisualStudioVersion = 16.0.29201.188
MinimumVisualStudioVersion = 10.0.40219.1
Project("{FAE04EC0-301F-11D3-BF4B-00C04F79EFBC}") = "API", "API\API.csproj", "{9648F7DE-DE3A-488F-A4F9-1335A5FE351E}"
EndProject
Global
	GlobalSection(SolutionConfigurationPlatforms) = preSolution
		Debug|Any CPU = Debug|Any CPU
		Debug|iPhone = Debug|iPhone
		Debug|iPhoneSimulator = Debug|iPhoneSimulator
		Release|Any CPU = Release|Any CPU
		Release|iPhone = Release|iPhone
		Release|iPhoneSimulator = Release|iPhoneSimulator
	EndGlobalSection
	GlobalSection(ProjectConfigurationPlatforms) = postSolution
		{9648F7DE-DE3A-488F-A4F9-1335A5FE351E}.Debug|Any CPU.ActiveCfg = Debug|Any CPU
		{9648F7DE-DE3A-488F-A4F9-1335A5FE351E}.Debug|Any CPU.Build.0 = Debug|Any CPU
		{9648F7DE-DE3A-488F-A4F9-1335A5FE351E}.Debug|iPhone.ActiveCfg = Debug|Any CPU
		{9648F7DE-DE3A-488F-A4F9-1335A5FE351E}.Debug|iPhone.Build.0 = Debug|Any CPU
		{9648F7DE-DE3A-488F-A4F9-1335A5FE351E}.Debug|iPhoneSimulator.ActiveCfg = Debug|Any CPU
		{9648F7DE-DE3A-488F-A4F9-1335A5FE351E}.Debug|iPhoneSimulator.Build.0 = Debug|Any CPU
		{9648F7DE-DE3A-488F-A4F9-1335A5FE351E}.Release|Any CPU.ActiveCfg = Release|Any CPU
		{9648F7DE-DE3A-488F-A4F9-1335A5FE351E}.Release|Any CPU.Build.0 = Release|Any CPU
		{9648F7DE-DE3A-488F-A4F9-1335A5FE351E}.Release|iPhone.ActiveCfg = Release|Any CPU
		{9648F7DE-DE3A-488F-A4F9-1335A5FE351E}.Release|iPhone.Build.0 = Release|Any CPU
		{9648F7DE-DE3A-488F-A4F9-1335A5FE351E}.Release|iPhoneSimulator.ActiveCfg = Release|Any CPU
		{9648F7DE-DE3A-488F-A4F9-1335A5FE351E}.Release|iPhoneSimulator.Build.0 = Release|Any CPU
	EndGlobalSection
	GlobalSection(SolutionProperties) = preSolution
		HideSolutionNode = FALSE
	EndGlobalSection
	GlobalSection(ExtensibilityGlobals) = postSolution
		SolutionGuid = {2845624E-857B-4A03-B58F-DBF5F6478835}
	EndGlobalSection
EndGlobal
